
Microsoft Visual Studio Solution File, Format Version 12.00
# Visual Studio 2012
Project("{FAE04EC0-301F-11D3-BF4B-00C04F79EFBC}") = "Human Teach", "Human Teach\Human Teach.csproj", "{C034CB8C-4A2F-4CA4-90D4-377630193631}"
EndProject
Global
	GlobalSection(SolutionConfigurationPlatforms) = preSolution
		Debug|Any CPU = Debug|Any CPU
		Release|Any CPU = Release|Any CPU
	EndGlobalSection
	GlobalSection(ProjectConfigurationPlatforms) = postSolution
		{C034CB8C-4A2F-4CA4-90D4-377630193631}.Debug|Any CPU.ActiveCfg = Debug|Any CPU
		{C034CB8C-4A2F-4CA4-90D4-377630193631}.Debug|Any CPU.Build.0 = Debug|Any CPU
		{C034CB8C-4A2F-4CA4-90D4-377630193631}.Release|Any CPU.ActiveCfg = Release|Any CPU
		{C034CB8C-4A2F-4CA4-90D4-377630193631}.Release|Any CPU.Build.0 = Release|Any CPU
	EndGlobalSection
	GlobalSection(SolutionProperties) = preSolution
		HideSolutionNode = FALSE
	EndGlobalSection
EndGlobal
